
Microsoft Visual Studio Solution File, Format Version 12.00
# Visual Studio Version 17
VisualStudioVersion = 17.7.34003.232
MinimumVisualStudioVersion = 10.0.40219.1
Project("{9A19103F-16F7-4668-BE54-9A1E7A4F7556}") = "Sistema", "..\Sistema\Sistema.csproj", "{FB8F753B-C03B-4F6D-8F57-484B944E02A1}"
EndProject
Project("{9A19103F-16F7-4668-BE54-9A1E7A4F7556}") = "PAGINA_OBLIGATORIO", "..\PAGINA_OBLIGATORIO\PAGINA_OBLIGATORIO.csproj", "{33D9981C-4C0B-4F05-9B44-7EAE73803E00}"
EndProject
Global
	GlobalSection(SolutionConfigurationPlatforms) = preSolution
		Debug|Any CPU = Debug|Any CPU
		Release|Any CPU = Release|Any CPU
	EndGlobalSection
	GlobalSection(ProjectConfigurationPlatforms) = postSolution
		{FB8F753B-C03B-4F6D-8F57-484B944E02A1}.Debug|Any CPU.ActiveCfg = Debug|Any CPU
		{FB8F753B-C03B-4F6D-8F57-484B944E02A1}.Debug|Any CPU.Build.0 = Debug|Any CPU
		{FB8F753B-C03B-4F6D-8F57-484B944E02A1}.Release|Any CPU.ActiveCfg = Release|Any CPU
		{FB8F753B-C03B-4F6D-8F57-484B944E02A1}.Release|Any CPU.Build.0 = Release|Any CPU
		{33D9981C-4C0B-4F05-9B44-7EAE73803E00}.Debug|Any CPU.ActiveCfg = Debug|Any CPU
		{33D9981C-4C0B-4F05-9B44-7EAE73803E00}.Debug|Any CPU.Build.0 = Debug|Any CPU
		{33D9981C-4C0B-4F05-9B44-7EAE73803E00}.Release|Any CPU.ActiveCfg = Release|Any CPU
		{33D9981C-4C0B-4F05-9B44-7EAE73803E00}.Release|Any CPU.Build.0 = Release|Any CPU
	EndGlobalSection
	GlobalSection(SolutionProperties) = preSolution
		HideSolutionNode = FALSE
	EndGlobalSection
	GlobalSection(ExtensibilityGlobals) = postSolution
		SolutionGuid = {BDE97C25-1929-44AC-9BB7-B5342395D245}
	EndGlobalSection
EndGlobal
